
Microsoft Visual Studio Solution File, Format Version 12.00
# Visual Studio 14
VisualStudioVersion = 14.0.24720.0
MinimumVisualStudioVersion = 10.0.40219.1
Project("{8BC9CEB8-8B4A-11D0-8D11-00A0C91BC942}") = "CoDEngine", "CoDEngine\CoDEngine.vcxproj", "{DC1F33D4-6D21-4DF9-8B5E-C308E4286547}"
	ProjectSection(ProjectDependencies) = postProject
		{83FEF217-22EE-4768-80BF-9F48D5B4564C} = {83FEF217-22EE-4768-80BF-9F48D5B4564C}
	EndProjectSection
EndProject
Project("{8BC9CEB8-8B4A-11D0-8D11-00A0C91BC942}") = "xkelib", "xkelib\xkelib.vcxproj", "{83FEF217-22EE-4768-80BF-9F48D5B4564C}"
EndProject
Global
	GlobalSection(SolutionConfigurationPlatforms) = preSolution
		Debug|Xbox 360 = Debug|Xbox 360
		Release|Xbox 360 = Release|Xbox 360
	EndGlobalSection
	GlobalSection(ProjectConfigurationPlatforms) = postSolution
		{DC1F33D4-6D21-4DF9-8B5E-C308E4286547}.Debug|Xbox 360.ActiveCfg = Debug|Xbox 360
		{DC1F33D4-6D21-4DF9-8B5E-C308E4286547}.Debug|Xbox 360.Build.0 = Debug|Xbox 360
		{DC1F33D4-6D21-4DF9-8B5E-C308E4286547}.Release|Xbox 360.ActiveCfg = Release|Xbox 360
		{DC1F33D4-6D21-4DF9-8B5E-C308E4286547}.Release|Xbox 360.Build.0 = Release|Xbox 360
		{DC1F33D4-6D21-4DF9-8B5E-C308E4286547}.Release|Xbox 360.Deploy.0 = Release|Xbox 360
		{83FEF217-22EE-4768-80BF-9F48D5B4564C}.Debug|Xbox 360.ActiveCfg = Release|Xbox 360
		{83FEF217-22EE-4768-80BF-9F48D5B4564C}.Debug|Xbox 360.Build.0 = Release|Xbox 360
		{83FEF217-22EE-4768-80BF-9F48D5B4564C}.Debug|Xbox 360.Deploy.0 = Release|Xbox 360
		{83FEF217-22EE-4768-80BF-9F48D5B4564C}.Release|Xbox 360.ActiveCfg = Release|Xbox 360
		{83FEF217-22EE-4768-80BF-9F48D5B4564C}.Release|Xbox 360.Build.0 = Release|Xbox 360
	EndGlobalSection
	GlobalSection(SolutionProperties) = preSolution
		HideSolutionNode = FALSE
	EndGlobalSection
EndGlobal
